
Microsoft Visual Studio Solution File, Format Version 12.00
# Visual Studio 15
VisualStudioVersion = 15.0.28307.960
MinimumVisualStudioVersion = 10.0.40219.1
Project("{8BC9CEB8-8B4A-11D0-8D11-00A0C91BC942}") = "ARKTools", "ARKTools\ARKTools.vcxproj", "{5F7E0B1D-B3B5-4F5F-BF71-35CE3382E013}"
EndProject
Project("{8BC9CEB8-8B4A-11D0-8D11-00A0C91BC942}") = "ARKDriverFile", "ARKDriverFile\ARKDriverFile.vcxproj", "{4A041832-DC26-47EB-9F46-112A2AE46FAD}"
	ProjectSection(ProjectDependencies) = postProject
		{5F7E0B1D-B3B5-4F5F-BF71-35CE3382E013} = {5F7E0B1D-B3B5-4F5F-BF71-35CE3382E013}
	EndProjectSection
EndProject
Global
	GlobalSection(SolutionConfigurationPlatforms) = preSolution
		Debug|ARM = Debug|ARM
		Debug|ARM64 = Debug|ARM64
		Debug|x64 = Debug|x64
		Debug|x86 = Debug|x86
		Release|ARM = Release|ARM
		Release|ARM64 = Release|ARM64
		Release|x64 = Release|x64
		Release|x86 = Release|x86
	EndGlobalSection
	GlobalSection(ProjectConfigurationPlatforms) = postSolution
		{5F7E0B1D-B3B5-4F5F-BF71-35CE3382E013}.Debug|ARM.ActiveCfg = Debug|Win32
		{5F7E0B1D-B3B5-4F5F-BF71-35CE3382E013}.Debug|ARM64.ActiveCfg = Debug|Win32
		{5F7E0B1D-B3B5-4F5F-BF71-35CE3382E013}.Debug|x64.ActiveCfg = Debug|x64
		{5F7E0B1D-B3B5-4F5F-BF71-35CE3382E013}.Debug|x64.Build.0 = Debug|x64
		{5F7E0B1D-B3B5-4F5F-BF71-35CE3382E013}.Debug|x86.ActiveCfg = Debug|Win32
		{5F7E0B1D-B3B5-4F5F-BF71-35CE3382E013}.Debug|x86.Build.0 = Debug|Win32
		{5F7E0B1D-B3B5-4F5F-BF71-35CE3382E013}.Release|ARM.ActiveCfg = Release|Win32
		{5F7E0B1D-B3B5-4F5F-BF71-35CE3382E013}.Release|ARM64.ActiveCfg = Release|Win32
		{5F7E0B1D-B3B5-4F5F-BF71-35CE3382E013}.Release|x64.ActiveCfg = Release|x64
		{5F7E0B1D-B3B5-4F5F-BF71-35CE3382E013}.Release|x64.Build.0 = Release|x64
		{5F7E0B1D-B3B5-4F5F-BF71-35CE3382E013}.Release|x86.ActiveCfg = Release|Win32
		{5F7E0B1D-B3B5-4F5F-BF71-35CE3382E013}.Release|x86.Build.0 = Release|Win32
		{4A041832-DC26-47EB-9F46-112A2AE46FAD}.Debug|ARM.ActiveCfg = Debug|ARM
		{4A041832-DC26-47EB-9F46-112A2AE46FAD}.Debug|ARM.Build.0 = Debug|ARM
		{4A041832-DC26-47EB-9F46-112A2AE46FAD}.Debug|ARM.Deploy.0 = Debug|ARM
		{4A041832-DC26-47EB-9F46-112A2AE46FAD}.Debug|ARM64.ActiveCfg = Debug|ARM64
		{4A041832-DC26-47EB-9F46-112A2AE46FAD}.Debug|ARM64.Build.0 = Debug|ARM64
		{4A041832-DC26-47EB-9F46-112A2AE46FAD}.Debug|ARM64.Deploy.0 = Debug|ARM64
		{4A041832-DC26-47EB-9F46-112A2AE46FAD}.Debug|x64.ActiveCfg = Debug|x64
		{4A041832-DC26-47EB-9F46-112A2AE46FAD}.Debug|x64.Build.0 = Debug|x64
		{4A041832-DC26-47EB-9F46-112A2AE46FAD}.Debug|x64.Deploy.0 = Debug|x64
		{4A041832-DC26-47EB-9F46-112A2AE46FAD}.Debug|x86.ActiveCfg = Debug|Win32
		{4A041832-DC26-47EB-9F46-112A2AE46FAD}.Debug|x86.Build.0 = Debug|Win32
		{4A041832-DC26-47EB-9F46-112A2AE46FAD}.Debug|x86.Deploy.0 = Debug|Win32
		{4A041832-DC26-47EB-9F46-112A2AE46FAD}.Release|ARM.ActiveCfg = Release|ARM
		{4A041832-DC26-47EB-9F46-112A2AE46FAD}.Release|ARM.Build.0 = Release|ARM
		{4A041832-DC26-47EB-9F46-112A2AE46FAD}.Release|ARM.Deploy.0 = Release|ARM
		{4A041832-DC26-47EB-9F46-112A2AE46FAD}.Release|ARM64.ActiveCfg = Release|ARM64
		{4A041832-DC26-47EB-9F46-112A2AE46FAD}.Release|ARM64.Build.0 = Release|ARM64
		{4A041832-DC26-47EB-9F46-112A2AE46FAD}.Release|ARM64.Deploy.0 = Release|ARM64
		{4A041832-DC26-47EB-9F46-112A2AE46FAD}.Release|x64.ActiveCfg = Release|x64
		{4A041832-DC26-47EB-9F46-112A2AE46FAD}.Release|x64.Build.0 = Release|x64
		{4A041832-DC26-47EB-9F46-112A2AE46FAD}.Release|x64.Deploy.0 = Release|x64
		{4A041832-DC26-47EB-9F46-112A2AE46FAD}.Release|x86.ActiveCfg = Release|Win32
		{4A041832-DC26-47EB-9F46-112A2AE46FAD}.Release|x86.Build.0 = Release|Win32
		{4A041832-DC26-47EB-9F46-112A2AE46FAD}.Release|x86.Deploy.0 = Release|Win32
	EndGlobalSection
	GlobalSection(SolutionProperties) = preSolution
		HideSolutionNode = FALSE
	EndGlobalSection
	GlobalSection(ExtensibilityGlobals) = postSolution
		SolutionGuid = {947F66AD-DD5A-4491-BD1E-75EB040DE2A0}
	EndGlobalSection
EndGlobal
